
Microsoft Visual Studio Solution File, Format Version 12.00
# Visual Studio Version 16
VisualStudioVersion = 16.0.30503.244
MinimumVisualStudioVersion = 10.0.40219.1
Project("{8BC9CEB8-8B4A-11D0-8D11-00A0C91BC942}") = "compulsory 2", "compulsory 2\compulsory 2.vcxproj", "{F8F8D37B-3BB4-4E95-947D-4FD6D88F993B}"
EndProject
Global
	GlobalSection(SolutionConfigurationPlatforms) = preSolution
		Debug|x64 = Debug|x64
		Debug|x86 = Debug|x86
		Release|x64 = Release|x64
		Release|x86 = Release|x86
	EndGlobalSection
	GlobalSection(ProjectConfigurationPlatforms) = postSolution
		{F8F8D37B-3BB4-4E95-947D-4FD6D88F993B}.Debug|x64.ActiveCfg = Debug|x64
		{F8F8D37B-3BB4-4E95-947D-4FD6D88F993B}.Debug|x64.Build.0 = Debug|x64
		{F8F8D37B-3BB4-4E95-947D-4FD6D88F993B}.Debug|x86.ActiveCfg = Debug|Win32
		{F8F8D37B-3BB4-4E95-947D-4FD6D88F993B}.Debug|x86.Build.0 = Debug|Win32
		{F8F8D37B-3BB4-4E95-947D-4FD6D88F993B}.Release|x64.ActiveCfg = Release|x64
		{F8F8D37B-3BB4-4E95-947D-4FD6D88F993B}.Release|x64.Build.0 = Release|x64
		{F8F8D37B-3BB4-4E95-947D-4FD6D88F993B}.Release|x86.ActiveCfg = Release|Win32
		{F8F8D37B-3BB4-4E95-947D-4FD6D88F993B}.Release|x86.Build.0 = Release|Win32
	EndGlobalSection
	GlobalSection(SolutionProperties) = preSolution
		HideSolutionNode = FALSE
	EndGlobalSection
	GlobalSection(ExtensibilityGlobals) = postSolution
		SolutionGuid = {DC7258A0-D432-497D-AECD-D17F72664182}
	EndGlobalSection
EndGlobal
